
Microsoft Visual Studio Solution File, Format Version 12.00
# Visual Studio 15
VisualStudioVersion = 15.0.27428.2005
MinimumVisualStudioVersion = 10.0.40219.1
Project("{9A19103F-16F7-4668-BE54-9A1E7A4F7556}") = "Sportlance.BLL", "Sportlance.BLL\Sportlance.BLL.csproj", "{8A88C3A1-7B63-49D5-89E9-FE6C1714C653}"
EndProject
Project("{9A19103F-16F7-4668-BE54-9A1E7A4F7556}") = "Sportlance.DAL", "Sportlance.DAL\Sportlance.DAL.csproj", "{B9486AB0-71AF-4EB2-8378-CFB62771AB78}"
EndProject
Project("{9A19103F-16F7-4668-BE54-9A1E7A4F7556}") = "Sportlance.DAL.Test", "Sportlance.DAL.Test\Sportlance.DAL.Test.csproj", "{CFD8A787-E568-4ECD-83BD-27CC9F372599}"
EndProject
Project("{9A19103F-16F7-4668-BE54-9A1E7A4F7556}") = "Sportlance.WebAPI", "Sportlance.WebAPI\Sportlance.WebAPI.csproj", "{5A0BA93F-A750-45FE-9843-FE155BC1A810}"
EndProject
Global
	GlobalSection(SolutionConfigurationPlatforms) = preSolution
		Debug|Any CPU = Debug|Any CPU
		Release|Any CPU = Release|Any CPU
	EndGlobalSection
	GlobalSection(ProjectConfigurationPlatforms) = postSolution
		{8A88C3A1-7B63-49D5-89E9-FE6C1714C653}.Debug|Any CPU.ActiveCfg = Debug|Any CPU
		{8A88C3A1-7B63-49D5-89E9-FE6C1714C653}.Debug|Any CPU.Build.0 = Debug|Any CPU
		{8A88C3A1-7B63-49D5-89E9-FE6C1714C653}.Release|Any CPU.ActiveCfg = Release|Any CPU
		{8A88C3A1-7B63-49D5-89E9-FE6C1714C653}.Release|Any CPU.Build.0 = Release|Any CPU
		{B9486AB0-71AF-4EB2-8378-CFB62771AB78}.Debug|Any CPU.ActiveCfg = Debug|Any CPU
		{B9486AB0-71AF-4EB2-8378-CFB62771AB78}.Debug|Any CPU.Build.0 = Debug|Any CPU
		{B9486AB0-71AF-4EB2-8378-CFB62771AB78}.Release|Any CPU.ActiveCfg = Release|Any CPU
		{B9486AB0-71AF-4EB2-8378-CFB62771AB78}.Release|Any CPU.Build.0 = Release|Any CPU
		{CFD8A787-E568-4ECD-83BD-27CC9F372599}.Debug|Any CPU.ActiveCfg = Debug|Any CPU
		{CFD8A787-E568-4ECD-83BD-27CC9F372599}.Debug|Any CPU.Build.0 = Debug|Any CPU
		{CFD8A787-E568-4ECD-83BD-27CC9F372599}.Release|Any CPU.ActiveCfg = Release|Any CPU
		{CFD8A787-E568-4ECD-83BD-27CC9F372599}.Release|Any CPU.Build.0 = Release|Any CPU
		{5A0BA93F-A750-45FE-9843-FE155BC1A810}.Debug|Any CPU.ActiveCfg = Debug|Any CPU
		{5A0BA93F-A750-45FE-9843-FE155BC1A810}.Debug|Any CPU.Build.0 = Debug|Any CPU
		{5A0BA93F-A750-45FE-9843-FE155BC1A810}.Release|Any CPU.ActiveCfg = Release|Any CPU
		{5A0BA93F-A750-45FE-9843-FE155BC1A810}.Release|Any CPU.Build.0 = Release|Any CPU
	EndGlobalSection
	GlobalSection(SolutionProperties) = preSolution
		HideSolutionNode = FALSE
	EndGlobalSection
	GlobalSection(ExtensibilityGlobals) = postSolution
		SolutionGuid = {D8A1B84B-B48C-47C9-B3F8-7B566B7A83F0}
	EndGlobalSection
EndGlobal
